
Microsoft Visual Studio Solution File, Format Version 12.00
# Visual Studio 15
VisualStudioVersion = 15.0.28010.2026
MinimumVisualStudioVersion = 10.0.40219.1
Project("{FAE04EC0-301F-11D3-BF4B-00C04F79EFBC}") = "Ecotiza.PDFBase", "Ecotiza.PDFBase\Ecotiza.PDFBase.csproj", "{CA527452-3006-4277-B7E3-6E6316E40B75}"
EndProject
Project("{FAE04EC0-301F-11D3-BF4B-00C04F79EFBC}") = "SolicitudCreditoPConsola", "SolicitudCreditoPConsola\SolicitudCreditoPConsola.csproj", "{8653D7D8-447F-41FE-B4AA-59111C7747EA}"
EndProject
Global
	GlobalSection(SolutionConfigurationPlatforms) = preSolution
		Debug|Any CPU = Debug|Any CPU
		Release|Any CPU = Release|Any CPU
	EndGlobalSection
	GlobalSection(ProjectConfigurationPlatforms) = postSolution
		{CA527452-3006-4277-B7E3-6E6316E40B75}.Debug|Any CPU.ActiveCfg = Debug|Any CPU
		{CA527452-3006-4277-B7E3-6E6316E40B75}.Debug|Any CPU.Build.0 = Debug|Any CPU
		{CA527452-3006-4277-B7E3-6E6316E40B75}.Release|Any CPU.ActiveCfg = Release|Any CPU
		{CA527452-3006-4277-B7E3-6E6316E40B75}.Release|Any CPU.Build.0 = Release|Any CPU
		{8653D7D8-447F-41FE-B4AA-59111C7747EA}.Debug|Any CPU.ActiveCfg = Debug|Any CPU
		{8653D7D8-447F-41FE-B4AA-59111C7747EA}.Debug|Any CPU.Build.0 = Debug|Any CPU
		{8653D7D8-447F-41FE-B4AA-59111C7747EA}.Release|Any CPU.ActiveCfg = Release|Any CPU
		{8653D7D8-447F-41FE-B4AA-59111C7747EA}.Release|Any CPU.Build.0 = Release|Any CPU
	EndGlobalSection
	GlobalSection(SolutionProperties) = preSolution
		HideSolutionNode = FALSE
	EndGlobalSection
	GlobalSection(ExtensibilityGlobals) = postSolution
		SolutionGuid = {D56DD257-4C85-44E7-A450-24777F4AFBE5}
	EndGlobalSection
EndGlobal
